
Microsoft Visual Studio Solution File, Format Version 12.00
# Visual Studio Version 17
VisualStudioVersion = 17.3.32922.545
MinimumVisualStudioVersion = 10.0.40219.1
Project("{FAE04EC0-301F-11D3-BF4B-00C04F79EFBC}") = "HomeWork5", "HomeWork5\HomeWork5.csproj", "{46456C3D-9728-4491-9526-1562F592EE99}"
EndProject
Project("{FAE04EC0-301F-11D3-BF4B-00C04F79EFBC}") = "ClassWork5", "ClassWork5\ClassWork5.csproj", "{D0112AE8-47DE-453F-848C-E735C2992D63}"
EndProject
Project("{FAE04EC0-301F-11D3-BF4B-00C04F79EFBC}") = "grafika", "grafika\grafika.csproj", "{1A37C624-BA15-43C2-B981-B95D75DCC333}"
EndProject
Global
	GlobalSection(SolutionConfigurationPlatforms) = preSolution
		Debug|Any CPU = Debug|Any CPU
		Release|Any CPU = Release|Any CPU
	EndGlobalSection
	GlobalSection(ProjectConfigurationPlatforms) = postSolution
		{46456C3D-9728-4491-9526-1562F592EE99}.Debug|Any CPU.ActiveCfg = Debug|Any CPU
		{46456C3D-9728-4491-9526-1562F592EE99}.Debug|Any CPU.Build.0 = Debug|Any CPU
		{46456C3D-9728-4491-9526-1562F592EE99}.Release|Any CPU.ActiveCfg = Release|Any CPU
		{46456C3D-9728-4491-9526-1562F592EE99}.Release|Any CPU.Build.0 = Release|Any CPU
		{D0112AE8-47DE-453F-848C-E735C2992D63}.Debug|Any CPU.ActiveCfg = Debug|Any CPU
		{D0112AE8-47DE-453F-848C-E735C2992D63}.Debug|Any CPU.Build.0 = Debug|Any CPU
		{D0112AE8-47DE-453F-848C-E735C2992D63}.Release|Any CPU.ActiveCfg = Release|Any CPU
		{D0112AE8-47DE-453F-848C-E735C2992D63}.Release|Any CPU.Build.0 = Release|Any CPU
		{1A37C624-BA15-43C2-B981-B95D75DCC333}.Debug|Any CPU.ActiveCfg = Debug|Any CPU
		{1A37C624-BA15-43C2-B981-B95D75DCC333}.Debug|Any CPU.Build.0 = Debug|Any CPU
		{1A37C624-BA15-43C2-B981-B95D75DCC333}.Release|Any CPU.ActiveCfg = Release|Any CPU
		{1A37C624-BA15-43C2-B981-B95D75DCC333}.Release|Any CPU.Build.0 = Release|Any CPU
	EndGlobalSection
	GlobalSection(SolutionProperties) = preSolution
		HideSolutionNode = FALSE
	EndGlobalSection
	GlobalSection(ExtensibilityGlobals) = postSolution
		SolutionGuid = {122159E7-7014-43D4-9E2F-6E0EC31AD648}
	EndGlobalSection
EndGlobal
